// !$*UTF8*$!
{
	archiveVersion = 1;
	classes = {
	};
	objectVersion = 50;
	objects = {

/* Begin PBXBuildFile section */
		BA423453074E10A9023F5F10 /* Pods_Book3.framework in Frameworks */ = {isa = PBXBuildFile; fileRef = 75C8E249F71A5974F0521E44 /* Pods_Book3.framework */; };
		E8FEE2DF228A93DA0063B6C7 /* AppDelegate.swift in Sources */ = {isa = PBXBuildFile; fileRef = E8FEE2DE228A93DA0063B6C7 /* AppDelegate.swift */; };
		E8FEE2E4228A93DA0063B6C7 /* Main.storyboard in Resources */ = {isa = PBXBuildFile; fileRef = E8FEE2E2228A93DA0063B6C7 /* Main.storyboard */; };
		E8FEE2E6228A93E30063B6C7 /* Assets.xcassets in Resources */ = {isa = PBXBuildFile; fileRef = E8FEE2E5228A93E30063B6C7 /* Assets.xcassets */; };
		E8FEE2E9228A93E30063B6C7 /* LaunchScreen.storyboard in Resources */ = {isa = PBXBuildFile; fileRef = E8FEE2E7228A93E30063B6C7 /* LaunchScreen.storyboard */; };
		E8FEE2F4228A93E30063B6C7 /* Book3Tests.swift in Sources */ = {isa = PBXBuildFile; fileRef = E8FEE2F3228A93E30063B6C7 /* Book3Tests.swift */; };
		E8FEE2FF228A93E30063B6C7 /* Book3UITests.swift in Sources */ = {isa = PBXBuildFile; fileRef = E8FEE2FE228A93E30063B6C7 /* Book3UITests.swift */; };
		E8FEE30D228AB0C10063B6C7 /* FirstTableViewController.swift in Sources */ = {isa = PBXBuildFile; fileRef = E8FEE30C228AB0C10063B6C7 /* FirstTableViewController.swift */; };
		E8FEE30F228AB30F0063B6C7 /* UserInfoManager.swift in Sources */ = {isa = PBXBuildFile; fileRef = E8FEE30E228AB30F0063B6C7 /* UserInfoManager.swift */; };
		E8FEE313228BB09C0063B6C7 /* AddBookViewController.swift in Sources */ = {isa = PBXBuildFile; fileRef = E8FEE312228BB09C0063B6C7 /* AddBookViewController.swift */; };
		E8FEE315228BDAE10063B6C7 /* Util.swift in Sources */ = {isa = PBXBuildFile; fileRef = E8FEE314228BDAE10063B6C7 /* Util.swift */; };
/* End PBXBuildFile section */

/* Begin PBXContainerItemProxy section */
		E8FEE2F0228A93E30063B6C7 /* PBXContainerItemProxy */ = {
			isa = PBXContainerItemProxy;
			containerPortal = E8FEE2D3228A93DA0063B6C7 /* Project object */;
			proxyType = 1;
			remoteGlobalIDString = E8FEE2DA228A93DA0063B6C7;
			remoteInfo = Book3;
		};
		E8FEE2FB228A93E30063B6C7 /* PBXContainerItemProxy */ = {
			isa = PBXContainerItemProxy;
			containerPortal = E8FEE2D3228A93DA0063B6C7 /* Project object */;
			proxyType = 1;
			remoteGlobalIDString = E8FEE2DA228A93DA0063B6C7;
			remoteInfo = Book3;
		};
/* End PBXContainerItemProxy section */

/* Begin PBXFileReference section */
		0C517F0C0B4B2452E88FDA95 /* Pods-Book3.debug.xcconfig */ = {isa = PBXFileReference; includeInIndex = 1; lastKnownFileType = text.xcconfig; name = "Pods-Book3.debug.xcconfig"; path = "Target Support Files/Pods-Book3/Pods-Book3.debug.xcconfig"; sourceTree = "<group>"; };
		6EE8D1020C42595A1F55829B /* Pods-Book3.release.xcconfig */ = {isa = PBXFileReference; includeInIndex = 1; lastKnownFileType = text.xcconfig; name = "Pods-Book3.release.xcconfig"; path = "Target Support Files/Pods-Book3/Pods-Book3.release.xcconfig"; sourceTree = "<group>"; };
		75C8E249F71A5974F0521E44 /* Pods_Book3.framework */ = {isa = PBXFileReference; explicitFileType = wrapper.framework; includeInIndex = 0; path = Pods_Book3.framework; sourceTree = BUILT_PRODUCTS_DIR; };
		E8FEE2DB228A93DA0063B6C7 /* Book3.app */ = {isa = PBXFileReference; explicitFileType = wrapper.application; includeInIndex = 0; path = Book3.app; sourceTree = BUILT_PRODUCTS_DIR; };
		E8FEE2DE228A93DA0063B6C7 /* AppDelegate.swift */ = {isa = PBXFileReference; lastKnownFileType = sourcecode.swift; path = AppDelegate.swift; sourceTree = "<group>"; };
		E8FEE2E3228A93DA0063B6C7 /* Base */ = {isa = PBXFileReference; lastKnownFileType = file.storyboard; name = Base; path = Base.lproj/Main.storyboard; sourceTree = "<group>"; };
		E8FEE2E5228A93E30063B6C7 /* Assets.xcassets */ = {isa = PBXFileReference; lastKnownFileType = folder.assetcatalog; path = Assets.xcassets; sourceTree = "<group>"; };
		E8FEE2E8228A93E30063B6C7 /* Base */ = {isa = PBXFileReference; lastKnownFileType = file.storyboard; name = Base; path = Base.lproj/LaunchScreen.storyboard; sourceTree = "<group>"; };
		E8FEE2EA228A93E30063B6C7 /* Info.plist */ = {isa = PBXFileReference; lastKnownFileType = text.plist.xml; path = Info.plist; sourceTree = "<group>"; };
		E8FEE2EF228A93E30063B6C7 /* Book3Tests.xctest */ = {isa = PBXFileReference; explicitFileType = wrapper.cfbundle; includeInIndex = 0; path = Book3Tests.xctest; sourceTree = BUILT_PRODUCTS_DIR; };
		E8FEE2F3228A93E30063B6C7 /* Book3Tests.swift */ = {isa = PBXFileReference; lastKnownFileType = sourcecode.swift; path = Book3Tests.swift; sourceTree = "<group>"; };
		E8FEE2F5228A93E30063B6C7 /* Info.plist */ = {isa = PBXFileReference; lastKnownFileType = text.plist.xml; path = Info.plist; sourceTree = "<group>"; };
		E8FEE2FA228A93E30063B6C7 /* Book3UITests.xctest */ = {isa = PBXFileReference; explicitFileType = wrapper.cfbundle; includeInIndex = 0; path = Book3UITests.xctest; sourceTree = BUILT_PRODUCTS_DIR; };
		E8FEE2FE228A93E30063B6C7 /* Book3UITests.swift */ = {isa = PBXFileReference; lastKnownFileType = sourcecode.swift; path = Book3UITests.swift; sourceTree = "<group>"; };
		E8FEE300228A93E30063B6C7 /* Info.plist */ = {isa = PBXFileReference; lastKnownFileType = text.plist.xml; path = Info.plist; sourceTree = "<group>"; };
		E8FEE30C228AB0C10063B6C7 /* FirstTableViewController.swift */ = {isa = PBXFileReference; lastKnownFileType = sourcecode.swift; path = FirstTableViewController.swift; sourceTree = "<group>"; };
		E8FEE30E228AB30F0063B6C7 /* UserInfoManager.swift */ = {isa = PBXFileReference; lastKnownFileType = sourcecode.swift; path = UserInfoManager.swift; sourceTree = "<group>"; };
		E8FEE312228BB09C0063B6C7 /* AddBookViewController.swift */ = {isa = PBXFileReference; lastKnownFileType = sourcecode.swift; path = AddBookViewController.swift; sourceTree = "<group>"; };
		E8FEE314228BDAE10063B6C7 /* Util.swift */ = {isa = PBXFileReference; lastKnownFileType = sourcecode.swift; path = Util.swift; sourceTree = "<group>"; };
/* End PBXFileReference section */

/* Begin PBXFrameworksBuildPhase section */
		E8FEE2D8228A93DA0063B6C7 /* Frameworks */ = {
			isa = PBXFrameworksBuildPhase;
			buildActionMask = 2147483647;
			files = (
				BA423453074E10A9023F5F10 /* Pods_Book3.framework in Frameworks */,
			);
			runOnlyForDeploymentPostprocessing = 0;
		};
		E8FEE2EC228A93E30063B6C7 /* Frameworks */ = {
			isa = PBXFrameworksBuildPhase;
			buildActionMask = 2147483647;
			files = (
			);
			runOnlyForDeploymentPostprocessing = 0;
		};
		E8FEE2F7228A93E30063B6C7 /* Frameworks */ = {
			isa = PBXFrameworksBuildPhase;
			buildActionMask = 2147483647;
			files = (
			);
			runOnlyForDeploymentPostprocessing = 0;
		};
/* End PBXFrameworksBuildPhase section */

/* Begin PBXGroup section */
		4E876CAA6A8729C633B720A2 /* Frameworks */ = {
			isa = PBXGroup;
			children = (
				75C8E249F71A5974F0521E44 /* Pods_Book3.framework */,
			);
			name = Frameworks;
			sourceTree = "<group>";
		};
		8CC618C0BF31CEDF0843FE63 /* Pods */ = {
			isa = PBXGroup;
			children = (
				0C517F0C0B4B2452E88FDA95 /* Pods-Book3.debug.xcconfig */,
				6EE8D1020C42595A1F55829B /* Pods-Book3.release.xcconfig */,
			);
			path = Pods;
			sourceTree = "<group>";
		};
		E8FEE2D2228A93DA0063B6C7 = {
			isa = PBXGroup;
			children = (
				E8FEE2DD228A93DA0063B6C7 /* Book3 */,
				E8FEE2F2228A93E30063B6C7 /* Book3Tests */,
				E8FEE2FD228A93E30063B6C7 /* Book3UITests */,
				E8FEE2DC228A93DA0063B6C7 /* Products */,
				8CC618C0BF31CEDF0843FE63 /* Pods */,
				4E876CAA6A8729C633B720A2 /* Frameworks */,
			);
			sourceTree = "<group>";
		};
		E8FEE2DC228A93DA0063B6C7 /* Products */ = {
			isa = PBXGroup;
			children = (
				E8FEE2DB228A93DA0063B6C7 /* Book3.app */,
				E8FEE2EF228A93E30063B6C7 /* Book3Tests.xctest */,
				E8FEE2FA228A93E30063B6C7 /* Book3UITests.xctest */,
			);
			name = Products;
			sourceTree = "<group>";
		};
		E8FEE2DD228A93DA0063B6C7 /* Book3 */ = {
			isa = PBXGroup;
			children = (
				E8FEE2DE228A93DA0063B6C7 /* AppDelegate.swift */,
				E8FEE2E2228A93DA0063B6C7 /* Main.storyboard */,
				E8FEE2E5228A93E30063B6C7 /* Assets.xcassets */,
				E8FEE2E7228A93E30063B6C7 /* LaunchScreen.storyboard */,
				E8FEE2EA228A93E30063B6C7 /* Info.plist */,
				E8FEE30C228AB0C10063B6C7 /* FirstTableViewController.swift */,
				E8FEE30E228AB30F0063B6C7 /* UserInfoManager.swift */,
				E8FEE312228BB09C0063B6C7 /* AddBookViewController.swift */,
				E8FEE314228BDAE10063B6C7 /* Util.swift */,
			);
			path = Book3;
			sourceTree = "<group>";
		};
		E8FEE2F2228A93E30063B6C7 /* Book3Tests */ = {
			isa = PBXGroup;
			children = (
				E8FEE2F3228A93E30063B6C7 /* Book3Tests.swift */,
				E8FEE2F5228A93E30063B6C7 /* Info.plist */,
			);
			path = Book3Tests;
			sourceTree = "<group>";
		};
		E8FEE2FD228A93E30063B6C7 /* Book3UITests */ = {
			isa = PBXGroup;
			children = (
				E8FEE2FE228A93E30063B6C7 /* Book3UITests.swift */,
				E8FEE300228A93E30063B6C7 /* Info.plist */,
			);
			path = Book3UITests;
			sourceTree = "<group>";
		};
/* End PBXGroup section */

/* Begin PBXNativeTarget section */
		E8FEE2DA228A93DA0063B6C7 /* Book3 */ = {
			isa = PBXNativeTarget;
			buildConfigurationList = E8FEE303228A93E30063B6C7 /* Build configuration list for PBXNativeTarget "Book3" */;
			buildPhases = (
				11D4E8AF5293A832BAC25BB4 /* [CP] Check Pods Manifest.lock */,
				E8FEE2D7228A93DA0063B6C7 /* Sources */,
				E8FEE2D8228A93DA0063B6C7 /* Frameworks */,
				E8FEE2D9228A93DA0063B6C7 /* Resources */,
				0074909A5901B5EB1D1BC5CD /* [CP] Embed Pods Frameworks */,
			);
			buildRules = (
			);
			dependencies = (
			);
			name = Book3;
			productName = Book3;
			productReference = E8FEE2DB228A93DA0063B6C7 /* Book3.app */;
			productType = "com.apple.product-type.application";
		};
		E8FEE2EE228A93E30063B6C7 /* Book3Tests */ = {
			isa = PBXNativeTarget;
			buildConfigurationList = E8FEE306228A93E30063B6C7 /* Build configuration list for PBXNativeTarget "Book3Tests" */;
			buildPhases = (
				E8FEE2EB228A93E30063B6C7 /* Sources */,
				E8FEE2EC228A93E30063B6C7 /* Frameworks */,
				E8FEE2ED228A93E30063B6C7 /* Resources */,
			);
			buildRules = (
			);
			dependencies = (
				E8FEE2F1228A93E30063B6C7 /* PBXTargetDependency */,
			);
			name = Book3Tests;
			productName = Book3Tests;
			productReference = E8FEE2EF228A93E30063B6C7 /* Book3Tests.xctest */;
			productType = "com.apple.product-type.bundle.unit-test";
		};
		E8FEE2F9228A93E30063B6C7 /* Book3UITests */ = {
			isa = PBXNativeTarget;
			buildConfigurationList = E8FEE309228A93E30063B6C7 /* Build configuration list for PBXNativeTarget "Book3UITests" */;
			buildPhases = (
				E8FEE2F6228A93E30063B6C7 /* Sources */,
				E8FEE2F7228A93E30063B6C7 /* Frameworks */,
				E8FEE2F8228A93E30063B6C7 /* Resources */,
			);
			buildRules = (
			);
			dependencies = (
				E8FEE2FC228A93E30063B6C7 /* PBXTargetDependency */,
			);
			name = Book3UITests;
			productName = Book3UITests;
			productReference = E8FEE2FA228A93E30063B6C7 /* Book3UITests.xctest */;
			productType = "com.apple.product-type.bundle.ui-testing";
		};
/* End PBXNativeTarget section */

/* Begin PBXProject section */
		E8FEE2D3228A93DA0063B6C7 /* Project object */ = {
			isa = PBXProject;
			attributes = {
				LastSwiftUpdateCheck = 1020;
				LastUpgradeCheck = 1020;
				ORGANIZATIONNAME = "kt ds";
				TargetAttributes = {
					E8FEE2DA228A93DA0063B6C7 = {
						CreatedOnToolsVersion = 10.2.1;
					};
					E8FEE2EE228A93E30063B6C7 = {
						CreatedOnToolsVersion = 10.2.1;
						TestTargetID = E8FEE2DA228A93DA0063B6C7;
					};
					E8FEE2F9228A93E30063B6C7 = {
						CreatedOnToolsVersion = 10.2.1;
						TestTargetID = E8FEE2DA228A93DA0063B6C7;
					};
				};
			};
			buildConfigurationList = E8FEE2D6228A93DA0063B6C7 /* Build configuration list for PBXProject "Book3" */;
			compatibilityVersion = "Xcode 9.3";
			developmentRegion = en;
			hasScannedForEncodings = 0;
			knownRegions = (
				en,
				Base,
			);
			mainGroup = E8FEE2D2228A93DA0063B6C7;
			productRefGroup = E8FEE2DC228A93DA0063B6C7 /* Products */;
			projectDirPath = "";
			projectRoot = "";
			targets = (
				E8FEE2DA228A93DA0063B6C7 /* Book3 */,
				E8FEE2EE228A93E30063B6C7 /* Book3Tests */,
				E8FEE2F9228A93E30063B6C7 /* Book3UITests */,
			);
		};
/* End PBXProject section */

/* Begin PBXResourcesBuildPhase section */
		E8FEE2D9228A93DA0063B6C7 /* Resources */ = {
			isa = PBXResourcesBuildPhase;
			buildActionMask = 2147483647;
			files = (
				E8FEE2E9228A93E30063B6C7 /* LaunchScreen.storyboard in Resources */,
				E8FEE2E6228A93E30063B6C7 /* Assets.xcassets in Resources */,
				E8FEE2E4228A93DA0063B6C7 /* Main.storyboard in Resources */,
			);
			runOnlyForDeploymentPostprocessing = 0;
		};
		E8FEE2ED228A93E30063B6C7 /* Resources */ = {
			isa = PBXResourcesBuildPhase;
			buildActionMask = 2147483647;
			files = (
			);
			runOnlyForDeploymentPostprocessing = 0;
		};
		E8FEE2F8228A93E30063B6C7 /* Resources */ = {
			isa = PBXResourcesBuildPhase;
			buildActionMask = 2147483647;
			files = (
			);
			runOnlyForDeploymentPostprocessing = 0;
		};
/* End PBXResourcesBuildPhase section */

/* Begin PBXShellScriptBuildPhase section */
		0074909A5901B5EB1D1BC5CD /* [CP] Embed Pods Frameworks */ = {
			isa = PBXShellScriptBuildPhase;
			buildActionMask = 2147483647;
			files = (
			);
			inputFileListPaths = (
			);
			inputPaths = (
				"${PODS_ROOT}/Target Support Files/Pods-Book3/Pods-Book3-frameworks.sh",
				"${BUILT_PRODUCTS_DIR}/Alamofire/Alamofire.framework",
			);
			name = "[CP] Embed Pods Frameworks";
			outputFileListPaths = (
			);
			outputPaths = (
				"${TARGET_BUILD_DIR}/${FRAMEWORKS_FOLDER_PATH}/Alamofire.framework",
			);
			runOnlyForDeploymentPostprocessing = 0;
			shellPath = /bin/sh;
			shellScript = "\"${PODS_ROOT}/Target Support Files/Pods-Book3/Pods-Book3-frameworks.sh\"\n";
			showEnvVarsInLog = 0;
		};
		11D4E8AF5293A832BAC25BB4 /* [CP] Check Pods Manifest.lock */ = {
			isa = PBXShellScriptBuildPhase;
			buildActionMask = 2147483647;
			files = (
			);
			inputFileListPaths = (
			);
			inputPaths = (
				"${PODS_PODFILE_DIR_PATH}/Podfile.lock",
				"${PODS_ROOT}/Manifest.lock",
			);
			name = "[CP] Check Pods Manifest.lock";
			outputFileListPaths = (
			);
			outputPaths = (
				"$(DERIVED_FILE_DIR)/Pods-Book3-checkManifestLockResult.txt",
			);
			runOnlyForDeploymentPostprocessing = 0;
			shellPath = /bin/sh;
			shellScript = "diff \"${PODS_PODFILE_DIR_PATH}/Podfile.lock\" \"${PODS_ROOT}/Manifest.lock\" > /dev/null\nif [ $? != 0 ] ; then\n    # print error to STDERR\n    echo \"error: The sandbox is not in sync with the Podfile.lock. Run 'pod install' or update your CocoaPods installation.\" >&2\n    exit 1\nfi\n# This output is used by Xcode 'outputs' to avoid re-running this script phase.\necho \"SUCCESS\" > \"${SCRIPT_OUTPUT_FILE_0}\"\n";
			showEnvVarsInLog = 0;
		};
/* End PBXShellScriptBuildPhase section */

/* Begin PBXSourcesBuildPhase section */
		E8FEE2D7228A93DA0063B6C7 /* Sources */ = {
			isa = PBXSourcesBuildPhase;
			buildActionMask = 2147483647;
			files = (
				E8FEE2DF228A93DA0063B6C7 /* AppDelegate.swift in Sources */,
				E8FEE313228BB09C0063B6C7 /* AddBookViewController.swift in Sources */,
				E8FEE315228BDAE10063B6C7 /* Util.swift in Sources */,
				E8FEE30D228AB0C10063B6C7 /* FirstTableViewController.swift in Sources */,
				E8FEE30F228AB30F0063B6C7 /* UserInfoManager.swift in Sources */,
			);
			runOnlyForDeploymentPostprocessing = 0;
		};
		E8FEE2EB228A93E30063B6C7 /* Sources */ = {
			isa = PBXSourcesBuildPhase;
			buildActionMask = 2147483647;
			files = (
				E8FEE2F4228A93E30063B6C7 /* Book3Tests.swift in Sources */,
			);
			runOnlyForDeploymentPostprocessing = 0;
		};
		E8FEE2F6228A93E30063B6C7 /* Sources */ = {
			isa = PBXSourcesBuildPhase;
			buildActionMask = 2147483647;
			files = (
				E8FEE2FF228A93E30063B6C7 /* Book3UITests.swift in Sources */,
			);
			runOnlyForDeploymentPostprocessing = 0;
		};
/* End PBXSourcesBuildPhase section */

/* Begin PBXTargetDependency section */
		E8FEE2F1228A93E30063B6C7 /* PBXTargetDependency */ = {
			isa = PBXTargetDependency;
			target = E8FEE2DA228A93DA0063B6C7 /* Book3 */;
			targetProxy = E8FEE2F0228A93E30063B6C7 /* PBXContainerItemProxy */;
		};
		E8FEE2FC228A93E30063B6C7 /* PBXTargetDependency */ = {
			isa = PBXTargetDependency;
			target = E8FEE2DA228A93DA0063B6C7 /* Book3 */;
			targetProxy = E8FEE2FB228A93E30063B6C7 /* PBXContainerItemProxy */;
		};
/* End PBXTargetDependency section */

/* Begin PBXVariantGroup section */
		E8FEE2E2228A93DA0063B6C7 /* Main.storyboard */ = {
			isa = PBXVariantGroup;
			children = (
				E8FEE2E3228A93DA0063B6C7 /* Base */,
			);
			name = Main.storyboard;
			sourceTree = "<group>";
		};
		E8FEE2E7228A93E30063B6C7 /* LaunchScreen.storyboard */ = {
			isa = PBXVariantGroup;
			children = (
				E8FEE2E8228A93E30063B6C7 /* Base */,
			);
			name = LaunchScreen.storyboard;
			sourceTree = "<group>";
		};
/* End PBXVariantGroup section */

/* Begin XCBuildConfiguration section */
		E8FEE301228A93E30063B6C7 /* Debug */ = {
			isa = XCBuildConfiguration;
			buildSettings = {
				ALWAYS_SEARCH_USER_PATHS = NO;
				CLANG_ANALYZER_NONNULL = YES;
				CLANG_ANALYZER_NUMBER_OBJECT_CONVERSION = YES_AGGRESSIVE;
				CLANG_CXX_LANGUAGE_STANDARD = "gnu++14";
				CLANG_CXX_LIBRARY = "libc++";
				CLANG_ENABLE_MODULES = YES;
				CLANG_ENABLE_OBJC_ARC = YES;
				CLANG_ENABLE_OBJC_WEAK = YES;
				CLANG_WARN_BLOCK_CAPTURE_AUTORELEASING = YES;
				CLANG_WARN_BOOL_CONVERSION = YES;
				CLANG_WARN_COMMA = YES;
				CLANG_WARN_CONSTANT_CONVERSION = YES;
				CLANG_WARN_DEPRECATED_OBJC_IMPLEMENTATIONS = YES;
				CLANG_WARN_DIRECT_OBJC_ISA_USAGE = YES_ERROR;
				CLANG_WARN_DOCUMENTATION_COMMENTS = YES;
				CLANG_WARN_EMPTY_BODY = YES;
				CLANG_WARN_ENUM_CONVERSION = YES;
				CLANG_WARN_INFINITE_RECURSION = YES;
				CLANG_WARN_INT_CONVERSION = YES;
				CLANG_WARN_NON_LITERAL_NULL_CONVERSION = YES;
				CLANG_WARN_OBJC_IMPLICIT_RETAIN_SELF = YES;
				CLANG_WARN_OBJC_LITERAL_CONVERSION = YES;
				CLANG_WARN_OBJC_ROOT_CLASS = YES_ERROR;
				CLANG_WARN_RANGE_LOOP_ANALYSIS = YES;
				CLANG_WARN_STRICT_PROTOTYPES = YES;
				CLANG_WARN_SUSPICIOUS_MOVE = YES;
				CLANG_WARN_UNGUARDED_AVAILABILITY = YES_AGGRESSIVE;
				CLANG_WARN_UNREACHABLE_CODE = YES;
				CLANG_WARN__DUPLICATE_METHOD_MATCH = YES;
				CODE_SIGN_IDENTITY = "iPhone Developer";
				COPY_PHASE_STRIP = NO;
				DEBUG_INFORMATION_FORMAT = dwarf;
				ENABLE_STRICT_OBJC_MSGSEND = YES;
				ENABLE_TESTABILITY = YES;
				GCC_C_LANGUAGE_STANDARD = gnu11;
				GCC_DYNAMIC_NO_PIC = NO;
				GCC_NO_COMMON_BLOCKS = YES;
				GCC_OPTIMIZATION_LEVEL = 0;
				GCC_PREPROCESSOR_DEFINITIONS = (
					"DEBUG=1",
					"$(inherited)",
				);
				GCC_WARN_64_TO_32_BIT_CONVERSION = YES;
				GCC_WARN_ABOUT_RETURN_TYPE = YES_ERROR;
				GCC_WARN_UNDECLARED_SELECTOR = YES;
				GCC_WARN_UNINITIALIZED_AUTOS = YES_AGGRESSIVE;
				GCC_WARN_UNUSED_FUNCTION = YES;
				GCC_WARN_UNUSED_VARIABLE = YES;
				IPHONEOS_DEPLOYMENT_TARGET = 12.2;
				MTL_ENABLE_DEBUG_INFO = INCLUDE_SOURCE;
				MTL_FAST_MATH = YES;
				ONLY_ACTIVE_ARCH = YES;
				SDKROOT = iphoneos;
				SWIFT_ACTIVE_COMPILATION_CONDITIONS = DEBUG;
				SWIFT_OPTIMIZATION_LEVEL = "-Onone";
			};
			name = Debug;
		};
		E8FEE302228A93E30063B6C7 /* Release */ = {
			isa = XCBuildConfiguration;
			buildSettings = {
				ALWAYS_SEARCH_USER_PATHS = NO;
				CLANG_ANALYZER_NONNULL = YES;
				CLANG_ANALYZER_NUMBER_OBJECT_CONVERSION = YES_AGGRESSIVE;
				CLANG_CXX_LANGUAGE_STANDARD = "gnu++14";
				CLANG_CXX_LIBRARY = "libc++";
				CLANG_ENABLE_MODULES = YES;
				CLANG_ENABLE_OBJC_ARC = YES;
				CLANG_ENABLE_OBJC_WEAK = YES;
				CLANG_WARN_BLOCK_CAPTURE_AUTORELEASING = YES;
				CLANG_WARN_BOOL_CONVERSION = YES;
				CLANG_WARN_COMMA = YES;
				CLANG_WARN_CONSTANT_CONVERSION = YES;
				CLANG_WARN_DEPRECATED_OBJC_IMPLEMENTATIONS = YES;
				CLANG_WARN_DIRECT_OBJC_ISA_USAGE = YES_ERROR;
				CLANG_WARN_DOCUMENTATION_COMMENTS = YES;
				CLANG_WARN_EMPTY_BODY = YES;
				CLANG_WARN_ENUM_CONVERSION = YES;
				CLANG_WARN_INFINITE_RECURSION = YES;
				CLANG_WARN_INT_CONVERSION = YES;
				CLANG_WARN_NON_LITERAL_NULL_CONVERSION = YES;
				CLANG_WARN_OBJC_IMPLICIT_RETAIN_SELF = YES;
				CLANG_WARN_OBJC_LITERAL_CONVERSION = YES;
				CLANG_WARN_OBJC_ROOT_CLASS = YES_ERROR;
				CLANG_WARN_RANGE_LOOP_ANALYSIS = YES;
				CLANG_WARN_STRICT_PROTOTYPES = YES;
				CLANG_WARN_SUSPICIOUS_MOVE = YES;
				CLANG_WARN_UNGUARDED_AVAILABILITY = YES_AGGRESSIVE;
				CLANG_WARN_UNREACHABLE_CODE = YES;
				CLANG_WARN__DUPLICATE_METHOD_MATCH = YES;
				CODE_SIGN_IDENTITY = "iPhone Developer";
				COPY_PHASE_STRIP = NO;
				DEBUG_INFORMATION_FORMAT = "dwarf-with-dsym";
				ENABLE_NS_ASSERTIONS = NO;
				ENABLE_STRICT_OBJC_MSGSEND = YES;
				GCC_C_LANGUAGE_STANDARD = gnu11;
				GCC_NO_COMMON_BLOCKS = YES;
				GCC_WARN_64_TO_32_BIT_CONVERSION = YES;
				GCC_WARN_ABOUT_RETURN_TYPE = YES_ERROR;
				GCC_WARN_UNDECLARED_SELECTOR = YES;
				GCC_WARN_UNINITIALIZED_AUTOS = YES_AGGRESSIVE;
				GCC_WARN_UNUSED_FUNCTION = YES;
				GCC_WARN_UNUSED_VARIABLE = YES;
				IPHONEOS_DEPLOYMENT_TARGET = 12.2;
				MTL_ENABLE_DEBUG_INFO = NO;
				MTL_FAST_MATH = YES;
				SDKROOT = iphoneos;
				SWIFT_COMPILATION_MODE = wholemodule;
				SWIFT_OPTIMIZATION_LEVEL = "-O";
				VALIDATE_PRODUCT = YES;
			};
			name = Release;
		};
		E8FEE304228A93E30063B6C7 /* Debug */ = {
			isa = XCBuildConfiguration;
			baseConfigurationReference = 0C517F0C0B4B2452E88FDA95 /* Pods-Book3.debug.xcconfig */;
			buildSettings = {
				ASSETCATALOG_COMPILER_APPICON_NAME = AppIcon;
				CODE_SIGN_STYLE = Automatic;
				DEVELOPMENT_TEAM = CTAG6SF7M7;
				INFOPLIST_FILE = Book3/Info.plist;
				IPHONEOS_DEPLOYMENT_TARGET = 12.2;
				LD_RUNPATH_SEARCH_PATHS = (
					"$(inherited)",
					"@executable_path/Frameworks",
				);
				PRODUCT_BUNDLE_IDENTIFIER = com.ktds.Book3;
				PRODUCT_NAME = "$(TARGET_NAME)";
				SWIFT_VERSION = 5.0;
				TARGETED_DEVICE_FAMILY = "1,2";
			};
			name = Debug;
		};
		E8FEE305228A93E30063B6C7 /* Release */ = {
			isa = XCBuildConfiguration;
			baseConfigurationReference = 6EE8D1020C42595A1F55829B /* Pods-Book3.release.xcconfig */;
			buildSettings = {
				ASSETCATALOG_COMPILER_APPICON_NAME = AppIcon;
				CODE_SIGN_STYLE = Automatic;
				DEVELOPMENT_TEAM = CTAG6SF7M7;
				INFOPLIST_FILE = Book3/Info.plist;
				IPHONEOS_DEPLOYMENT_TARGET = 12.2;
				LD_RUNPATH_SEARCH_PATHS = (
					"$(inherited)",
					"@executable_path/Frameworks",
				);
				PRODUCT_BUNDLE_IDENTIFIER = com.ktds.Book3;
				PRODUCT_NAME = "$(TARGET_NAME)";
				SWIFT_VERSION = 5.0;
				TARGETED_DEVICE_FAMILY = "1,2";
			};
			name = Release;
		};
		E8FEE307228A93E30063B6C7 /* Debug */ = {
			isa = XCBuildConfiguration;
			buildSettings = {
				ALWAYS_EMBED_SWIFT_STANDARD_LIBRARIES = YES;
				BUNDLE_LOADER = "$(TEST_HOST)";
				CODE_SIGN_STYLE = Automatic;
				DEVELOPMENT_TEAM = CTAG6SF7M7;
				INFOPLIST_FILE = Book3Tests/Info.plist;
				LD_RUNPATH_SEARCH_PATHS = (
					"$(inherited)",
					"@executable_path/Frameworks",
					"@loader_path/Frameworks",
				);
				PRODUCT_BUNDLE_IDENTIFIER = com.ktds.Book3Tests;
				PRODUCT_NAME = "$(TARGET_NAME)";
				SWIFT_VERSION = 5.0;
				TARGETED_DEVICE_FAMILY = "1,2";
				TEST_HOST = "$(BUILT_PRODUCTS_DIR)/Book3.app/Book3";
			};
			name = Debug;
		};
		E8FEE308228A93E30063B6C7 /* Release */ = {
			isa = XCBuildConfiguration;
			buildSettings = {
				ALWAYS_EMBED_SWIFT_STANDARD_LIBRARIES = YES;
				BUNDLE_LOADER = "$(TEST_HOST)";
				CODE_SIGN_STYLE = Automatic;
				DEVELOPMENT_TEAM = CTAG6SF7M7;
				INFOPLIST_FILE = Book3Tests/Info.plist;
				LD_RUNPATH_SEARCH_PATHS = (
					"$(inherited)",
					"@executable_path/Frameworks",
					"@loader_path/Frameworks",
				);
				PRODUCT_BUNDLE_IDENTIFIER = com.ktds.Book3Tests;
				PRODUCT_NAME = "$(TARGET_NAME)";
				SWIFT_VERSION = 5.0;
				TARGETED_DEVICE_FAMILY = "1,2";
				TEST_HOST = "$(BUILT_PRODUCTS_DIR)/Book3.app/Book3";
			};
			name = Release;
		};
		E8FEE30A228A93E30063B6C7 /* Debug */ = {
			isa = XCBuildConfiguration;
			buildSettings = {
				ALWAYS_EMBED_SWIFT_STANDARD_LIBRARIES = YES;
				CODE_SIGN_STYLE = Automatic;
				DEVELOPMENT_TEAM = CTAG6SF7M7;
				INFOPLIST_FILE = Book3UITests/Info.plist;
				LD_RUNPATH_SEARCH_PATHS = (
					"$(inherited)",
					"@executable_path/Frameworks",
					"@loader_path/Frameworks",
				);
				PRODUCT_BUNDLE_IDENTIFIER = com.ktds.Book3UITests;
				PRODUCT_NAME = "$(TARGET_NAME)";
				SWIFT_VERSION = 5.0;
				TARGETED_DEVICE_FAMILY = "1,2";
				TEST_TARGET_NAME = Book3;
			};
			name = Debug;
		};
		E8FEE30B228A93E30063B6C7 /* Release */ = {
			isa = XCBuildConfiguration;
			buildSettings = {
				ALWAYS_EMBED_SWIFT_STANDARD_LIBRARIES = YES;
				CODE_SIGN_STYLE = Automatic;
				DEVELOPMENT_TEAM = CTAG6SF7M7;
				INFOPLIST_FILE = Book3UITests/Info.plist;
				LD_RUNPATH_SEARCH_PATHS = (
					"$(inherited)",
					"@executable_path/Frameworks",
					"@loader_path/Frameworks",
				);
				PRODUCT_BUNDLE_IDENTIFIER = com.ktds.Book3UITests;
				PRODUCT_NAME = "$(TARGET_NAME)";
				SWIFT_VERSION = 5.0;
				TARGETED_DEVICE_FAMILY = "1,2";
				TEST_TARGET_NAME = Book3;
			};
			name = Release;
		};
/* End XCBuildConfiguration section */

/* Begin XCConfigurationList section */
		E8FEE2D6228A93DA0063B6C7 /* Build configuration list for PBXProject "Book3" */ = {
			isa = XCConfigurationList;
			buildConfigurations = (
				E8FEE301228A93E30063B6C7 /* Debug */,
				E8FEE302228A93E30063B6C7 /* Release */,
			);
			defaultConfigurationIsVisible = 0;
			defaultConfigurationName = Release;
		};
		E8FEE303228A93E30063B6C7 /* Build configuration list for PBXNativeTarget "Book3" */ = {
			isa = XCConfigurationList;
			buildConfigurations = (
				E8FEE304228A93E30063B6C7 /* Debug */,
				E8FEE305228A93E30063B6C7 /* Release */,
			);
			defaultConfigurationIsVisible = 0;
			defaultConfigurationName = Release;
		};
		E8FEE306228A93E30063B6C7 /* Build configuration list for PBXNativeTarget "Book3Tests" */ = {
			isa = XCConfigurationList;
			buildConfigurations = (
				E8FEE307228A93E30063B6C7 /* Debug */,
				E8FEE308228A93E30063B6C7 /* Release */,
			);
			defaultConfigurationIsVisible = 0;
			defaultConfigurationName = Release;
		};
		E8FEE309228A93E30063B6C7 /* Build configuration list for PBXNativeTarget "Book3UITests" */ = {
			isa = XCConfigurationList;
			buildConfigurations = (
				E8FEE30A228A93E30063B6C7 /* Debug */,
				E8FEE30B228A93E30063B6C7 /* Release */,
			);
			defaultConfigurationIsVisible = 0;
			defaultConfigurationName = Release;
		};
/* End XCConfigurationList section */
	};
	rootObject = E8FEE2D3228A93DA0063B6C7 /* Project object */;
}
